// !$*UTF8*$!
{
	archiveVersion = 1;
	classes = {
	};
	objectVersion = 56;
	objects = {

/* Begin PBXBuildFile section */
		4708AD352965E6660005D518 /* TaskCell.swift in Sources */ = {isa = PBXBuildFile; fileRef = 4708AD342965E6660005D518 /* TaskCell.swift */; };
		4708AD372965E8730005D518 /* CheckBoxView.swift in Sources */ = {isa = PBXBuildFile; fileRef = 4708AD362965E8730005D518 /* CheckBoxView.swift */; };
		4708AD3A2965EA460005D518 /* TaskItemExtension.swift in Sources */ = {isa = PBXBuildFile; fileRef = 4708AD392965EA460005D518 /* TaskItemExtension.swift */; };
		4708AD3C2965F6010005D518 /* DateScroller.swift in Sources */ = {isa = PBXBuildFile; fileRef = 4708AD3B2965F6010005D518 /* DateScroller.swift */; };
		4708AD3E296855720005D518 /* NotificationManager.swift in Sources */ = {isa = PBXBuildFile; fileRef = 4708AD3D296855720005D518 /* NotificationManager.swift */; };
		4708AD40296855A10005D518 /* NotificationHelper.swift in Sources */ = {isa = PBXBuildFile; fileRef = 4708AD3F296855A10005D518 /* NotificationHelper.swift */; };
		4708AD442968682F0005D518 /* NotManager.swift in Sources */ = {isa = PBXBuildFile; fileRef = 4708AD432968682F0005D518 /* NotManager.swift */; };
		47853E292965902F009BD605 /* TodoListAppApp.swift in Sources */ = {isa = PBXBuildFile; fileRef = 47853E282965902F009BD605 /* TodoListAppApp.swift */; };
		47853E2B2965902F009BD605 /* ContentView.swift in Sources */ = {isa = PBXBuildFile; fileRef = 47853E2A2965902F009BD605 /* ContentView.swift */; };
		47853E2D29659032009BD605 /* Assets.xcassets in Resources */ = {isa = PBXBuildFile; fileRef = 47853E2C29659032009BD605 /* Assets.xcassets */; };
		47853E3029659032009BD605 /* Preview Assets.xcassets in Resources */ = {isa = PBXBuildFile; fileRef = 47853E2F29659032009BD605 /* Preview Assets.xcassets */; };
		47853E3229659032009BD605 /* Persistence.swift in Sources */ = {isa = PBXBuildFile; fileRef = 47853E3129659032009BD605 /* Persistence.swift */; };
		47853E3529659032009BD605 /* TodoListApp.xcdatamodeld in Sources */ = {isa = PBXBuildFile; fileRef = 47853E3329659032009BD605 /* TodoListApp.xcdatamodeld */; };
		47853E3C296596FB009BD605 /* NewTaskButton.swift in Sources */ = {isa = PBXBuildFile; fileRef = 47853E3B296596FB009BD605 /* NewTaskButton.swift */; };
		47853E3F296597EA009BD605 /* TaskEditView.swift in Sources */ = {isa = PBXBuildFile; fileRef = 47853E3E296597EA009BD605 /* TaskEditView.swift */; };
		47853E432965C2C4009BD605 /* DateHolder.swift in Sources */ = {isa = PBXBuildFile; fileRef = 47853E422965C2C4009BD605 /* DateHolder.swift */; };
/* End PBXBuildFile section */

/* Begin PBXFileReference section */
		4708AD342965E6660005D518 /* TaskCell.swift */ = {isa = PBXFileReference; lastKnownFileType = sourcecode.swift; path = TaskCell.swift; sourceTree = "<group>"; };
		4708AD362965E8730005D518 /* CheckBoxView.swift */ = {isa = PBXFileReference; lastKnownFileType = sourcecode.swift; path = CheckBoxView.swift; sourceTree = "<group>"; };
		4708AD392965EA460005D518 /* TaskItemExtension.swift */ = {isa = PBXFileReference; lastKnownFileType = sourcecode.swift; path = TaskItemExtension.swift; sourceTree = "<group>"; };
		4708AD3B2965F6010005D518 /* DateScroller.swift */ = {isa = PBXFileReference; lastKnownFileType = sourcecode.swift; path = DateScroller.swift; sourceTree = "<group>"; };
		4708AD3D296855720005D518 /* NotificationManager.swift */ = {isa = PBXFileReference; lastKnownFileType = sourcecode.swift; path = NotificationManager.swift; sourceTree = "<group>"; };
		4708AD3F296855A10005D518 /* NotificationHelper.swift */ = {isa = PBXFileReference; lastKnownFileType = sourcecode.swift; path = NotificationHelper.swift; sourceTree = "<group>"; };
		4708AD432968682F0005D518 /* NotManager.swift */ = {isa = PBXFileReference; lastKnownFileType = sourcecode.swift; path = NotManager.swift; sourceTree = "<group>"; };
		47853E252965902F009BD605 /* TodoListApp.app */ = {isa = PBXFileReference; explicitFileType = wrapper.application; includeInIndex = 0; path = TodoListApp.app; sourceTree = BUILT_PRODUCTS_DIR; };
		47853E282965902F009BD605 /* TodoListAppApp.swift */ = {isa = PBXFileReference; lastKnownFileType = sourcecode.swift; path = TodoListAppApp.swift; sourceTree = "<group>"; };
		47853E2A2965902F009BD605 /* ContentView.swift */ = {isa = PBXFileReference; lastKnownFileType = sourcecode.swift; path = ContentView.swift; sourceTree = "<group>"; };
		47853E2C29659032009BD605 /* Assets.xcassets */ = {isa = PBXFileReference; lastKnownFileType = folder.assetcatalog; path = Assets.xcassets; sourceTree = "<group>"; };
		47853E2F29659032009BD605 /* Preview Assets.xcassets */ = {isa = PBXFileReference; lastKnownFileType = folder.assetcatalog; path = "Preview Assets.xcassets"; sourceTree = "<group>"; };
		47853E3129659032009BD605 /* Persistence.swift */ = {isa = PBXFileReference; lastKnownFileType = sourcecode.swift; path = Persistence.swift; sourceTree = "<group>"; };
		47853E3429659032009BD605 /* TodoListApp.xcdatamodel */ = {isa = PBXFileReference; lastKnownFileType = wrapper.xcdatamodel; path = TodoListApp.xcdatamodel; sourceTree = "<group>"; };
		47853E3B296596FB009BD605 /* NewTaskButton.swift */ = {isa = PBXFileReference; lastKnownFileType = sourcecode.swift; path = NewTaskButton.swift; sourceTree = "<group>"; };
		47853E3E296597EA009BD605 /* TaskEditView.swift */ = {isa = PBXFileReference; lastKnownFileType = sourcecode.swift; path = TaskEditView.swift; sourceTree = "<group>"; };
		47853E422965C2C4009BD605 /* DateHolder.swift */ = {isa = PBXFileReference; lastKnownFileType = sourcecode.swift; path = DateHolder.swift; sourceTree = "<group>"; };
/* End PBXFileReference section */

/* Begin PBXFrameworksBuildPhase section */
		47853E222965902F009BD605 /* Frameworks */ = {
			isa = PBXFrameworksBuildPhase;
			buildActionMask = 2147483647;
			files = (
			);
			runOnlyForDeploymentPostprocessing = 0;
		};
/* End PBXFrameworksBuildPhase section */

/* Begin PBXGroup section */
		4708AD382965E9C20005D518 /* Model */ = {
			isa = PBXGroup;
			children = (
				47853E422965C2C4009BD605 /* DateHolder.swift */,
				47853E3129659032009BD605 /* Persistence.swift */,
				4708AD392965EA460005D518 /* TaskItemExtension.swift */,
			);
			path = Model;
			sourceTree = "<group>";
		};
		47853E1C2965902F009BD605 = {
			isa = PBXGroup;
			children = (
				47853E272965902F009BD605 /* TodoListApp */,
				47853E262965902F009BD605 /* Products */,
			);
			sourceTree = "<group>";
		};
		47853E262965902F009BD605 /* Products */ = {
			isa = PBXGroup;
			children = (
				47853E252965902F009BD605 /* TodoListApp.app */,
			);
			name = Products;
			sourceTree = "<group>";
		};
		47853E272965902F009BD605 /* TodoListApp */ = {
			isa = PBXGroup;
			children = (
				47853E282965902F009BD605 /* TodoListAppApp.swift */,
				4708AD3D296855720005D518 /* NotificationManager.swift */,
				4708AD3F296855A10005D518 /* NotificationHelper.swift */,
				47853E3D296597B4009BD605 /* View */,
				47853E2C29659032009BD605 /* Assets.xcassets */,
				47853E3329659032009BD605 /* TodoListApp.xcdatamodeld */,
				47853E2E29659032009BD605 /* Preview Content */,
			);
			path = TodoListApp;
			sourceTree = "<group>";
		};
		47853E2E29659032009BD605 /* Preview Content */ = {
			isa = PBXGroup;
			children = (
				47853E2F29659032009BD605 /* Preview Assets.xcassets */,
			);
			path = "Preview Content";
			sourceTree = "<group>";
		};
		47853E3D296597B4009BD605 /* View */ = {
			isa = PBXGroup;
			children = (
				47853E3E296597EA009BD605 /* TaskEditView.swift */,
				47853E2A2965902F009BD605 /* ContentView.swift */,
				4708AD432968682F0005D518 /* NotManager.swift */,
				4708AD3B2965F6010005D518 /* DateScroller.swift */,
				4708AD362965E8730005D518 /* CheckBoxView.swift */,
				4708AD342965E6660005D518 /* TaskCell.swift */,
				47853E3B296596FB009BD605 /* NewTaskButton.swift */,
				4708AD382965E9C20005D518 /* Model */,
			);
			path = View;
			sourceTree = "<group>";
		};
/* End PBXGroup section */

/* Begin PBXNativeTarget section */
		47853E242965902F009BD605 /* TodoListApp */ = {
			isa = PBXNativeTarget;
			buildConfigurationList = 47853E3829659032009BD605 /* Build configuration list for PBXNativeTarget "TodoListApp" */;
			buildPhases = (
				47853E212965902F009BD605 /* Sources */,
				47853E222965902F009BD605 /* Frameworks */,
				47853E232965902F009BD605 /* Resources */,
			);
			buildRules = (
			);
			dependencies = (
			);
			name = TodoListApp;
			productName = TodoListApp;
			productReference = 47853E252965902F009BD605 /* TodoListApp.app */;
			productType = "com.apple.product-type.application";
		};
/* End PBXNativeTarget section */

/* Begin PBXProject section */
		47853E1D2965902F009BD605 /* Project object */ = {
			isa = PBXProject;
			attributes = {
				BuildIndependentTargetsInParallel = 1;
				LastSwiftUpdateCheck = 1420;
				LastUpgradeCheck = 1420;
				TargetAttributes = {
					47853E242965902F009BD605 = {
						CreatedOnToolsVersion = 14.2;
					};
				};
			};
			buildConfigurationList = 47853E202965902F009BD605 /* Build configuration list for PBXProject "TodoListApp" */;
			compatibilityVersion = "Xcode 14.0";
			developmentRegion = en;
			hasScannedForEncodings = 0;
			knownRegions = (
				en,
				Base,
			);
			mainGroup = 47853E1C2965902F009BD605;
			productRefGroup = 47853E262965902F009BD605 /* Products */;
			projectDirPath = "";
			projectRoot = "";
			targets = (
				47853E242965902F009BD605 /* TodoListApp */,
			);
		};
/* End PBXProject section */

/* Begin PBXResourcesBuildPhase section */
		47853E232965902F009BD605 /* Resources */ = {
			isa = PBXResourcesBuildPhase;
			buildActionMask = 2147483647;
			files = (
				47853E3029659032009BD605 /* Preview Assets.xcassets in Resources */,
				47853E2D29659032009BD605 /* Assets.xcassets in Resources */,
			);
			runOnlyForDeploymentPostprocessing = 0;
		};
/* End PBXResourcesBuildPhase section */

/* Begin PBXSourcesBuildPhase section */
		47853E212965902F009BD605 /* Sources */ = {
			isa = PBXSourcesBuildPhase;
			buildActionMask = 2147483647;
			files = (
				47853E432965C2C4009BD605 /* DateHolder.swift in Sources */,
				4708AD3A2965EA460005D518 /* TaskItemExtension.swift in Sources */,
				47853E3F296597EA009BD605 /* TaskEditView.swift in Sources */,
				47853E3229659032009BD605 /* Persistence.swift in Sources */,
				47853E3C296596FB009BD605 /* NewTaskButton.swift in Sources */,
				4708AD372965E8730005D518 /* CheckBoxView.swift in Sources */,
				4708AD40296855A10005D518 /* NotificationHelper.swift in Sources */,
				4708AD3E296855720005D518 /* NotificationManager.swift in Sources */,
				4708AD352965E6660005D518 /* TaskCell.swift in Sources */,
				4708AD3C2965F6010005D518 /* DateScroller.swift in Sources */,
				47853E2B2965902F009BD605 /* ContentView.swift in Sources */,
				4708AD442968682F0005D518 /* NotManager.swift in Sources */,
				47853E292965902F009BD605 /* TodoListAppApp.swift in Sources */,
				47853E3529659032009BD605 /* TodoListApp.xcdatamodeld in Sources */,
			);
			runOnlyForDeploymentPostprocessing = 0;
		};
/* End PBXSourcesBuildPhase section */

/* Begin XCBuildConfiguration section */
		47853E3629659032009BD605 /* Debug */ = {
			isa = XCBuildConfiguration;
			buildSettings = {
				ALWAYS_SEARCH_USER_PATHS = NO;
				CLANG_ANALYZER_NONNULL = YES;
				CLANG_ANALYZER_NUMBER_OBJECT_CONVERSION = YES_AGGRESSIVE;
				CLANG_CXX_LANGUAGE_STANDARD = "gnu++20";
				CLANG_ENABLE_MODULES = YES;
				CLANG_ENABLE_OBJC_ARC = YES;
				CLANG_ENABLE_OBJC_WEAK = YES;
				CLANG_WARN_BLOCK_CAPTURE_AUTORELEASING = YES;
				CLANG_WARN_BOOL_CONVERSION = YES;
				CLANG_WARN_COMMA = YES;
				CLANG_WARN_CONSTANT_CONVERSION = YES;
				CLANG_WARN_DEPRECATED_OBJC_IMPLEMENTATIONS = YES;
				CLANG_WARN_DIRECT_OBJC_ISA_USAGE = YES_ERROR;
				CLANG_WARN_DOCUMENTATION_COMMENTS = YES;
				CLANG_WARN_EMPTY_BODY = YES;
				CLANG_WARN_ENUM_CONVERSION = YES;
				CLANG_WARN_INFINITE_RECURSION = YES;
				CLANG_WARN_INT_CONVERSION = YES;
				CLANG_WARN_NON_LITERAL_NULL_CONVERSION = YES;
				CLANG_WARN_OBJC_IMPLICIT_RETAIN_SELF = YES;
				CLANG_WARN_OBJC_LITERAL_CONVERSION = YES;
				CLANG_WARN_OBJC_ROOT_CLASS = YES_ERROR;
				CLANG_WARN_QUOTED_INCLUDE_IN_FRAMEWORK_HEADER = YES;
				CLANG_WARN_RANGE_LOOP_ANALYSIS = YES;
				CLANG_WARN_STRICT_PROTOTYPES = YES;
				CLANG_WARN_SUSPICIOUS_MOVE = YES;
				CLANG_WARN_UNGUARDED_AVAILABILITY = YES_AGGRESSIVE;
				CLANG_WARN_UNREACHABLE_CODE = YES;
				CLANG_WARN__DUPLICATE_METHOD_MATCH = YES;
				COPY_PHASE_STRIP = NO;
				DEBUG_INFORMATION_FORMAT = dwarf;
				ENABLE_STRICT_OBJC_MSGSEND = YES;
				ENABLE_TESTABILITY = YES;
				GCC_C_LANGUAGE_STANDARD = gnu11;
				GCC_DYNAMIC_NO_PIC = NO;
				GCC_NO_COMMON_BLOCKS = YES;
				GCC_OPTIMIZATION_LEVEL = 0;
				GCC_PREPROCESSOR_DEFINITIONS = (
					"DEBUG=1",
					"$(inherited)",
				);
				GCC_WARN_64_TO_32_BIT_CONVERSION = YES;
				GCC_WARN_ABOUT_RETURN_TYPE = YES_ERROR;
				GCC_WARN_UNDECLARED_SELECTOR = YES;
				GCC_WARN_UNINITIALIZED_AUTOS = YES_AGGRESSIVE;
				GCC_WARN_UNUSED_FUNCTION = YES;
				GCC_WARN_UNUSED_VARIABLE = YES;
				IPHONEOS_DEPLOYMENT_TARGET = 16.0;
				MTL_ENABLE_DEBUG_INFO = INCLUDE_SOURCE;
				MTL_FAST_MATH = YES;
				ONLY_ACTIVE_ARCH = YES;
				SDKROOT = iphoneos;
				SWIFT_ACTIVE_COMPILATION_CONDITIONS = DEBUG;
				SWIFT_OPTIMIZATION_LEVEL = "-Onone";
			};
			name = Debug;
		};
		47853E3729659032009BD605 /* Release */ = {
			isa = XCBuildConfiguration;
			buildSettings = {
				ALWAYS_SEARCH_USER_PATHS = NO;
				CLANG_ANALYZER_NONNULL = YES;
				CLANG_ANALYZER_NUMBER_OBJECT_CONVERSION = YES_AGGRESSIVE;
				CLANG_CXX_LANGUAGE_STANDARD = "gnu++20";
				CLANG_ENABLE_MODULES = YES;
				CLANG_ENABLE_OBJC_ARC = YES;
				CLANG_ENABLE_OBJC_WEAK = YES;
				CLANG_WARN_BLOCK_CAPTURE_AUTORELEASING = YES;
				CLANG_WARN_BOOL_CONVERSION = YES;
				CLANG_WARN_COMMA = YES;
				CLANG_WARN_CONSTANT_CONVERSION = YES;
				CLANG_WARN_DEPRECATED_OBJC_IMPLEMENTATIONS = YES;
				CLANG_WARN_DIRECT_OBJC_ISA_USAGE = YES_ERROR;
				CLANG_WARN_DOCUMENTATION_COMMENTS = YES;
				CLANG_WARN_EMPTY_BODY = YES;
				CLANG_WARN_ENUM_CONVERSION = YES;
				CLANG_WARN_INFINITE_RECURSION = YES;
				CLANG_WARN_INT_CONVERSION = YES;
				CLANG_WARN_NON_LITERAL_NULL_CONVERSION = YES;
				CLANG_WARN_OBJC_IMPLICIT_RETAIN_SELF = YES;
				CLANG_WARN_OBJC_LITERAL_CONVERSION = YES;
				CLANG_WARN_OBJC_ROOT_CLASS = YES_ERROR;
				CLANG_WARN_QUOTED_INCLUDE_IN_FRAMEWORK_HEADER = YES;
				CLANG_WARN_RANGE_LOOP_ANALYSIS = YES;
				CLANG_WARN_STRICT_PROTOTYPES = YES;
				CLANG_WARN_SUSPICIOUS_MOVE = YES;
				CLANG_WARN_UNGUARDED_AVAILABILITY = YES_AGGRESSIVE;
				CLANG_WARN_UNREACHABLE_CODE = YES;
				CLANG_WARN__DUPLICATE_METHOD_MATCH = YES;
				COPY_PHASE_STRIP = NO;
				DEBUG_INFORMATION_FORMAT = "dwarf-with-dsym";
				ENABLE_NS_ASSERTIONS = NO;
				ENABLE_STRICT_OBJC_MSGSEND = YES;
				GCC_C_LANGUAGE_STANDARD = gnu11;
				GCC_NO_COMMON_BLOCKS = YES;
				GCC_WARN_64_TO_32_BIT_CONVERSION = YES;
				GCC_WARN_ABOUT_RETURN_TYPE = YES_ERROR;
				GCC_WARN_UNDECLARED_SELECTOR = YES;
				GCC_WARN_UNINITIALIZED_AUTOS = YES_AGGRESSIVE;
				GCC_WARN_UNUSED_FUNCTION = YES;
				GCC_WARN_UNUSED_VARIABLE = YES;
				IPHONEOS_DEPLOYMENT_TARGET = 16.0;
				MTL_ENABLE_DEBUG_INFO = NO;
				MTL_FAST_MATH = YES;
				SDKROOT = iphoneos;
				SWIFT_COMPILATION_MODE = wholemodule;
				SWIFT_OPTIMIZATION_LEVEL = "-O";
				VALIDATE_PRODUCT = YES;
			};
			name = Release;
		};
		47853E3929659032009BD605 /* Debug */ = {
			isa = XCBuildConfiguration;
			buildSettings = {
				ASSETCATALOG_COMPILER_APPICON_NAME = AppIcon;
				ASSETCATALOG_COMPILER_GLOBAL_ACCENT_COLOR_NAME = AccentColor;
				CODE_SIGN_STYLE = Automatic;
				CURRENT_PROJECT_VERSION = 1;
				DEVELOPMENT_ASSET_PATHS = "\"TodoListApp/Preview Content\"";
				DEVELOPMENT_TEAM = SK94GMJKV4;
				ENABLE_PREVIEWS = YES;
				GENERATE_INFOPLIST_FILE = YES;
				INFOPLIST_KEY_UIApplicationSceneManifest_Generation = YES;
				INFOPLIST_KEY_UIApplicationSupportsIndirectInputEvents = YES;
				INFOPLIST_KEY_UILaunchScreen_Generation = YES;
				INFOPLIST_KEY_UISupportedInterfaceOrientations_iPad = "UIInterfaceOrientationPortrait UIInterfaceOrientationPortraitUpsideDown UIInterfaceOrientationLandscapeLeft UIInterfaceOrientationLandscapeRight";
				INFOPLIST_KEY_UISupportedInterfaceOrientations_iPhone = "UIInterfaceOrientationPortrait UIInterfaceOrientationLandscapeLeft UIInterfaceOrientationLandscapeRight";
				IPHONEOS_DEPLOYMENT_TARGET = 16.0;
				LD_RUNPATH_SEARCH_PATHS = (
					"$(inherited)",
					"@executable_path/Frameworks",
				);
				MARKETING_VERSION = 1.0;
				PRODUCT_BUNDLE_IDENTIFIER = com.guenahele.TodoListApp;
				PRODUCT_NAME = "$(TARGET_NAME)";
				SWIFT_EMIT_LOC_STRINGS = YES;
				SWIFT_VERSION = 5.0;
				TARGETED_DEVICE_FAMILY = "1,2";
			};
			name = Debug;
		};
		47853E3A29659032009BD605 /* Release */ = {
			isa = XCBuildConfiguration;
			buildSettings = {
				ASSETCATALOG_COMPILER_APPICON_NAME = AppIcon;
				ASSETCATALOG_COMPILER_GLOBAL_ACCENT_COLOR_NAME = AccentColor;
				CODE_SIGN_STYLE = Automatic;
				CURRENT_PROJECT_VERSION = 1;
				DEVELOPMENT_ASSET_PATHS = "\"TodoListApp/Preview Content\"";
				DEVELOPMENT_TEAM = SK94GMJKV4;
				ENABLE_PREVIEWS = YES;
				GENERATE_INFOPLIST_FILE = YES;
				INFOPLIST_KEY_UIApplicationSceneManifest_Generation = YES;
				INFOPLIST_KEY_UIApplicationSupportsIndirectInputEvents = YES;
				INFOPLIST_KEY_UILaunchScreen_Generation = YES;
				INFOPLIST_KEY_UISupportedInterfaceOrientations_iPad = "UIInterfaceOrientationPortrait UIInterfaceOrientationPortraitUpsideDown UIInterfaceOrientationLandscapeLeft UIInterfaceOrientationLandscapeRight";
				INFOPLIST_KEY_UISupportedInterfaceOrientations_iPhone = "UIInterfaceOrientationPortrait UIInterfaceOrientationLandscapeLeft UIInterfaceOrientationLandscapeRight";
				IPHONEOS_DEPLOYMENT_TARGET = 16.0;
				LD_RUNPATH_SEARCH_PATHS = (
					"$(inherited)",
					"@executable_path/Frameworks",
				);
				MARKETING_VERSION = 1.0;
				PRODUCT_BUNDLE_IDENTIFIER = com.guenahele.TodoListApp;
				PRODUCT_NAME = "$(TARGET_NAME)";
				SWIFT_EMIT_LOC_STRINGS = YES;
				SWIFT_VERSION = 5.0;
				TARGETED_DEVICE_FAMILY = "1,2";
			};
			name = Release;
		};
/* End XCBuildConfiguration section */

/* Begin XCConfigurationList section */
		47853E202965902F009BD605 /* Build configuration list for PBXProject "TodoListApp" */ = {
			isa = XCConfigurationList;
			buildConfigurations = (
				47853E3629659032009BD605 /* Debug */,
				47853E3729659032009BD605 /* Release */,
			);
			defaultConfigurationIsVisible = 0;
			defaultConfigurationName = Release;
		};
		47853E3829659032009BD605 /* Build configuration list for PBXNativeTarget "TodoListApp" */ = {
			isa = XCConfigurationList;
			buildConfigurations = (
				47853E3929659032009BD605 /* Debug */,
				47853E3A29659032009BD605 /* Release */,
			);
			defaultConfigurationIsVisible = 0;
			defaultConfigurationName = Release;
		};
/* End XCConfigurationList section */

/* Begin XCVersionGroup section */
		47853E3329659032009BD605 /* TodoListApp.xcdatamodeld */ = {
			isa = XCVersionGroup;
			children = (
				47853E3429659032009BD605 /* TodoListApp.xcdatamodel */,
			);
			currentVersion = 47853E3429659032009BD605 /* TodoListApp.xcdatamodel */;
			path = TodoListApp.xcdatamodeld;
			sourceTree = "<group>";
			versionGroupType = wrapper.xcdatamodel;
		};
/* End XCVersionGroup section */
	};
	rootObject = 47853E1D2965902F009BD605 /* Project object */;
}
